// !$*UTF8*$!
{
	archiveVersion = 1;
	classes = {
	};
	objectVersion = 48;
	objects = {

/* Begin PBXBuildFile section */
		9DB51E25203DB3C300909DBB /* ProductListVC.swift in Sources */ = {isa = PBXBuildFile; fileRef = 9DB51E24203DB3C300909DBB /* ProductListVC.swift */; };
		9DB51E27203DC58A00909DBB /* ProductListVCCell.swift in Sources */ = {isa = PBXBuildFile; fileRef = 9DB51E26203DC58A00909DBB /* ProductListVCCell.swift */; };
		9DB51E2B203DC85700909DBB /* ReachabilityManager.swift in Sources */ = {isa = PBXBuildFile; fileRef = 9DB51E2A203DC85700909DBB /* ReachabilityManager.swift */; };
		9DB51E2C203DC87A00909DBB /* Reachability.swift in Sources */ = {isa = PBXBuildFile; fileRef = 9DB51E29203DC82F00909DBB /* Reachability.swift */; };
		9DBE05F9203C63EA007103E7 /* AppDelegate.swift in Sources */ = {isa = PBXBuildFile; fileRef = 9DBE05F8203C63EA007103E7 /* AppDelegate.swift */; };
		9DBE05FB203C63EA007103E7 /* CategoryListVC.swift in Sources */ = {isa = PBXBuildFile; fileRef = 9DBE05FA203C63EA007103E7 /* CategoryListVC.swift */; };
		9DBE05FE203C63EA007103E7 /* Main.storyboard in Resources */ = {isa = PBXBuildFile; fileRef = 9DBE05FC203C63EA007103E7 /* Main.storyboard */; };
		9DBE0600203C63EA007103E7 /* Assets.xcassets in Resources */ = {isa = PBXBuildFile; fileRef = 9DBE05FF203C63EA007103E7 /* Assets.xcassets */; };
		9DBE0603203C63EA007103E7 /* LaunchScreen.storyboard in Resources */ = {isa = PBXBuildFile; fileRef = 9DBE0601203C63EA007103E7 /* LaunchScreen.storyboard */; };
		9DBE0610203C6500007103E7 /* Utils.swift in Sources */ = {isa = PBXBuildFile; fileRef = 9DBE060F203C645D007103E7 /* Utils.swift */; };
		9DBE0612203C6532007103E7 /* UserDefaults.swift in Sources */ = {isa = PBXBuildFile; fileRef = 9DBE0611203C6532007103E7 /* UserDefaults.swift */; };
		9DBE0617203C6A68007103E7 /* ProductParser.swift in Sources */ = {isa = PBXBuildFile; fileRef = 9DBE0616203C6A64007103E7 /* ProductParser.swift */; };
		9DBE0619203C6A72007103E7 /* ProductList.swift in Sources */ = {isa = PBXBuildFile; fileRef = 9DBE0618203C6A72007103E7 /* ProductList.swift */; };
		9DBE061B203C6C44007103E7 /* CategoryList.swift in Sources */ = {isa = PBXBuildFile; fileRef = 9DBE061A203C6C44007103E7 /* CategoryList.swift */; };
		9DBE061D203C6CF6007103E7 /* RankingList.swift in Sources */ = {isa = PBXBuildFile; fileRef = 9DBE061C203C6CF6007103E7 /* RankingList.swift */; };
		9DBE061F203C74D6007103E7 /* Variants.swift in Sources */ = {isa = PBXBuildFile; fileRef = 9DBE061E203C74D6007103E7 /* Variants.swift */; };
		9DBE0623203C83AA007103E7 /* DBHelper.swift in Sources */ = {isa = PBXBuildFile; fileRef = 9DBE0622203C83AA007103E7 /* DBHelper.swift */; };
/* End PBXBuildFile section */

/* Begin PBXFileReference section */
		9DB51E24203DB3C300909DBB /* ProductListVC.swift */ = {isa = PBXFileReference; lastKnownFileType = sourcecode.swift; path = ProductListVC.swift; sourceTree = "<group>"; };
		9DB51E26203DC58A00909DBB /* ProductListVCCell.swift */ = {isa = PBXFileReference; lastKnownFileType = sourcecode.swift; path = ProductListVCCell.swift; sourceTree = "<group>"; };
		9DB51E29203DC82F00909DBB /* Reachability.swift */ = {isa = PBXFileReference; lastKnownFileType = sourcecode.swift; path = Reachability.swift; sourceTree = "<group>"; };
		9DB51E2A203DC85700909DBB /* ReachabilityManager.swift */ = {isa = PBXFileReference; lastKnownFileType = sourcecode.swift; path = ReachabilityManager.swift; sourceTree = "<group>"; };
		9DBE05F5203C63EA007103E7 /* ECommerse App.app */ = {isa = PBXFileReference; explicitFileType = wrapper.application; includeInIndex = 0; path = "ECommerse App.app"; sourceTree = BUILT_PRODUCTS_DIR; };
		9DBE05F8203C63EA007103E7 /* AppDelegate.swift */ = {isa = PBXFileReference; lastKnownFileType = sourcecode.swift; path = AppDelegate.swift; sourceTree = "<group>"; };
		9DBE05FA203C63EA007103E7 /* CategoryListVC.swift */ = {isa = PBXFileReference; lastKnownFileType = sourcecode.swift; path = CategoryListVC.swift; sourceTree = "<group>"; };
		9DBE05FD203C63EA007103E7 /* Base */ = {isa = PBXFileReference; lastKnownFileType = file.storyboard; name = Base; path = Base.lproj/Main.storyboard; sourceTree = "<group>"; };
		9DBE05FF203C63EA007103E7 /* Assets.xcassets */ = {isa = PBXFileReference; lastKnownFileType = folder.assetcatalog; path = Assets.xcassets; sourceTree = "<group>"; };
		9DBE0602203C63EA007103E7 /* Base */ = {isa = PBXFileReference; lastKnownFileType = file.storyboard; name = Base; path = Base.lproj/LaunchScreen.storyboard; sourceTree = "<group>"; };
		9DBE0604203C63EA007103E7 /* Info.plist */ = {isa = PBXFileReference; lastKnownFileType = text.plist.xml; path = Info.plist; sourceTree = "<group>"; };
		9DBE060F203C645D007103E7 /* Utils.swift */ = {isa = PBXFileReference; lastKnownFileType = sourcecode.swift; path = Utils.swift; sourceTree = "<group>"; };
		9DBE0611203C6532007103E7 /* UserDefaults.swift */ = {isa = PBXFileReference; lastKnownFileType = sourcecode.swift; path = UserDefaults.swift; sourceTree = "<group>"; };
		9DBE0616203C6A64007103E7 /* ProductParser.swift */ = {isa = PBXFileReference; lastKnownFileType = sourcecode.swift; path = ProductParser.swift; sourceTree = "<group>"; };
		9DBE0618203C6A72007103E7 /* ProductList.swift */ = {isa = PBXFileReference; lastKnownFileType = sourcecode.swift; path = ProductList.swift; sourceTree = "<group>"; };
		9DBE061A203C6C44007103E7 /* CategoryList.swift */ = {isa = PBXFileReference; lastKnownFileType = sourcecode.swift; path = CategoryList.swift; sourceTree = "<group>"; };
		9DBE061C203C6CF6007103E7 /* RankingList.swift */ = {isa = PBXFileReference; lastKnownFileType = sourcecode.swift; path = RankingList.swift; sourceTree = "<group>"; };
		9DBE061E203C74D6007103E7 /* Variants.swift */ = {isa = PBXFileReference; lastKnownFileType = sourcecode.swift; path = Variants.swift; sourceTree = "<group>"; };
		9DBE0622203C83AA007103E7 /* DBHelper.swift */ = {isa = PBXFileReference; lastKnownFileType = sourcecode.swift; path = DBHelper.swift; sourceTree = "<group>"; };
/* End PBXFileReference section */

/* Begin PBXFrameworksBuildPhase section */
		9DBE05F2203C63E9007103E7 /* Frameworks */ = {
			isa = PBXFrameworksBuildPhase;
			buildActionMask = 2147483647;
			files = (
			);
			runOnlyForDeploymentPostprocessing = 0;
		};
/* End PBXFrameworksBuildPhase section */

/* Begin PBXGroup section */
		9DB51E28203DC82F00909DBB /* Third Party Library */ = {
			isa = PBXGroup;
			children = (
				9DB51E29203DC82F00909DBB /* Reachability.swift */,
			);
			path = "Third Party Library";
			sourceTree = "<group>";
		};
		9DBE05EC203C63E9007103E7 = {
			isa = PBXGroup;
			children = (
				9DBE05F7203C63EA007103E7 /* ECommerse App */,
				9DBE05F6203C63EA007103E7 /* Products */,
			);
			sourceTree = "<group>";
		};
		9DBE05F6203C63EA007103E7 /* Products */ = {
			isa = PBXGroup;
			children = (
				9DBE05F5203C63EA007103E7 /* ECommerse App.app */,
			);
			name = Products;
			sourceTree = "<group>";
		};
		9DBE05F7203C63EA007103E7 /* ECommerse App */ = {
			isa = PBXGroup;
			children = (
				9DBE05F8203C63EA007103E7 /* AppDelegate.swift */,
				9DBE05FA203C63EA007103E7 /* CategoryListVC.swift */,
				9DB51E24203DB3C300909DBB /* ProductListVC.swift */,
				9DB51E26203DC58A00909DBB /* ProductListVCCell.swift */,
				9DBE060E203C6448007103E7 /* Helper */,
				9DB51E28203DC82F00909DBB /* Third Party Library */,
				9DBE060D203C6435007103E7 /* Extension */,
				9DBE060C203C6435007103E7 /* Parser */,
				9DBE05FC203C63EA007103E7 /* Main.storyboard */,
				9DBE05FF203C63EA007103E7 /* Assets.xcassets */,
				9DBE0601203C63EA007103E7 /* LaunchScreen.storyboard */,
				9DBE0604203C63EA007103E7 /* Info.plist */,
			);
			path = "ECommerse App";
			sourceTree = "<group>";
		};
		9DBE060C203C6435007103E7 /* Parser */ = {
			isa = PBXGroup;
			children = (
				9DBE0615203C6A64007103E7 /* Products */,
			);
			path = Parser;
			sourceTree = "<group>";
		};
		9DBE060D203C6435007103E7 /* Extension */ = {
			isa = PBXGroup;
			children = (
				9DBE0611203C6532007103E7 /* UserDefaults.swift */,
			);
			path = Extension;
			sourceTree = "<group>";
		};
		9DBE060E203C6448007103E7 /* Helper */ = {
			isa = PBXGroup;
			children = (
				9DBE060F203C645D007103E7 /* Utils.swift */,
				9DBE0622203C83AA007103E7 /* DBHelper.swift */,
				9DB51E2A203DC85700909DBB /* ReachabilityManager.swift */,
			);
			path = Helper;
			sourceTree = "<group>";
		};
		9DBE0615203C6A64007103E7 /* Products */ = {
			isa = PBXGroup;
			children = (
				9DBE0618203C6A72007103E7 /* ProductList.swift */,
				9DBE061E203C74D6007103E7 /* Variants.swift */,
				9DBE061A203C6C44007103E7 /* CategoryList.swift */,
				9DBE061C203C6CF6007103E7 /* RankingList.swift */,
				9DBE0616203C6A64007103E7 /* ProductParser.swift */,
			);
			path = Products;
			sourceTree = "<group>";
		};
/* End PBXGroup section */

/* Begin PBXNativeTarget section */
		9DBE05F4203C63E9007103E7 /* ECommerse App */ = {
			isa = PBXNativeTarget;
			buildConfigurationList = 9DBE0607203C63EA007103E7 /* Build configuration list for PBXNativeTarget "ECommerse App" */;
			buildPhases = (
				9DBE05F1203C63E9007103E7 /* Sources */,
				9DBE05F2203C63E9007103E7 /* Frameworks */,
				9DBE05F3203C63E9007103E7 /* Resources */,
			);
			buildRules = (
			);
			dependencies = (
			);
			name = "ECommerse App";
			productName = "ECommerse App";
			productReference = 9DBE05F5203C63EA007103E7 /* ECommerse App.app */;
			productType = "com.apple.product-type.application";
		};
/* End PBXNativeTarget section */

/* Begin PBXProject section */
		9DBE05ED203C63E9007103E7 /* Project object */ = {
			isa = PBXProject;
			attributes = {
				LastSwiftUpdateCheck = 0900;
				LastUpgradeCheck = 0900;
				ORGANIZATIONNAME = "Saurabh Prajapati";
				TargetAttributes = {
					9DBE05F4203C63E9007103E7 = {
						CreatedOnToolsVersion = 9.0;
						ProvisioningStyle = Automatic;
					};
				};
			};
			buildConfigurationList = 9DBE05F0203C63E9007103E7 /* Build configuration list for PBXProject "ECommerse App" */;
			compatibilityVersion = "Xcode 8.0";
			developmentRegion = en;
			hasScannedForEncodings = 0;
			knownRegions = (
				en,
				Base,
			);
			mainGroup = 9DBE05EC203C63E9007103E7;
			productRefGroup = 9DBE05F6203C63EA007103E7 /* Products */;
			projectDirPath = "";
			projectRoot = "";
			targets = (
				9DBE05F4203C63E9007103E7 /* ECommerse App */,
			);
		};
/* End PBXProject section */

/* Begin PBXResourcesBuildPhase section */
		9DBE05F3203C63E9007103E7 /* Resources */ = {
			isa = PBXResourcesBuildPhase;
			buildActionMask = 2147483647;
			files = (
				9DBE0603203C63EA007103E7 /* LaunchScreen.storyboard in Resources */,
				9DBE0600203C63EA007103E7 /* Assets.xcassets in Resources */,
				9DBE05FE203C63EA007103E7 /* Main.storyboard in Resources */,
			);
			runOnlyForDeploymentPostprocessing = 0;
		};
/* End PBXResourcesBuildPhase section */

/* Begin PBXSourcesBuildPhase section */
		9DBE05F1203C63E9007103E7 /* Sources */ = {
			isa = PBXSourcesBuildPhase;
			buildActionMask = 2147483647;
			files = (
				9DB51E2C203DC87A00909DBB /* Reachability.swift in Sources */,
				9DB51E2B203DC85700909DBB /* ReachabilityManager.swift in Sources */,
				9DBE0623203C83AA007103E7 /* DBHelper.swift in Sources */,
				9DBE061F203C74D6007103E7 /* Variants.swift in Sources */,
				9DBE0612203C6532007103E7 /* UserDefaults.swift in Sources */,
				9DBE061B203C6C44007103E7 /* CategoryList.swift in Sources */,
				9DB51E25203DB3C300909DBB /* ProductListVC.swift in Sources */,
				9DBE061D203C6CF6007103E7 /* RankingList.swift in Sources */,
				9DBE05FB203C63EA007103E7 /* CategoryListVC.swift in Sources */,
				9DBE05F9203C63EA007103E7 /* AppDelegate.swift in Sources */,
				9DB51E27203DC58A00909DBB /* ProductListVCCell.swift in Sources */,
				9DBE0619203C6A72007103E7 /* ProductList.swift in Sources */,
				9DBE0610203C6500007103E7 /* Utils.swift in Sources */,
				9DBE0617203C6A68007103E7 /* ProductParser.swift in Sources */,
			);
			runOnlyForDeploymentPostprocessing = 0;
		};
/* End PBXSourcesBuildPhase section */

/* Begin PBXVariantGroup section */
		9DBE05FC203C63EA007103E7 /* Main.storyboard */ = {
			isa = PBXVariantGroup;
			children = (
				9DBE05FD203C63EA007103E7 /* Base */,
			);
			name = Main.storyboard;
			sourceTree = "<group>";
		};
		9DBE0601203C63EA007103E7 /* LaunchScreen.storyboard */ = {
			isa = PBXVariantGroup;
			children = (
				9DBE0602203C63EA007103E7 /* Base */,
			);
			name = LaunchScreen.storyboard;
			sourceTree = "<group>";
		};
/* End PBXVariantGroup section */

/* Begin XCBuildConfiguration section */
		9DBE0605203C63EA007103E7 /* Debug */ = {
			isa = XCBuildConfiguration;
			buildSettings = {
				ALWAYS_SEARCH_USER_PATHS = NO;
				CLANG_ANALYZER_NONNULL = YES;
				CLANG_ANALYZER_NUMBER_OBJECT_CONVERSION = YES_AGGRESSIVE;
				CLANG_CXX_LANGUAGE_STANDARD = "gnu++14";
				CLANG_CXX_LIBRARY = "libc++";
				CLANG_ENABLE_MODULES = YES;
				CLANG_ENABLE_OBJC_ARC = YES;
				CLANG_WARN_BLOCK_CAPTURE_AUTORELEASING = YES;
				CLANG_WARN_BOOL_CONVERSION = YES;
				CLANG_WARN_COMMA = YES;
				CLANG_WARN_CONSTANT_CONVERSION = YES;
				CLANG_WARN_DIRECT_OBJC_ISA_USAGE = YES_ERROR;
				CLANG_WARN_DOCUMENTATION_COMMENTS = YES;
				CLANG_WARN_EMPTY_BODY = YES;
				CLANG_WARN_ENUM_CONVERSION = YES;
				CLANG_WARN_INFINITE_RECURSION = YES;
				CLANG_WARN_INT_CONVERSION = YES;
				CLANG_WARN_NON_LITERAL_NULL_CONVERSION = YES;
				CLANG_WARN_OBJC_LITERAL_CONVERSION = YES;
				CLANG_WARN_OBJC_ROOT_CLASS = YES_ERROR;
				CLANG_WARN_RANGE_LOOP_ANALYSIS = YES;
				CLANG_WARN_STRICT_PROTOTYPES = YES;
				CLANG_WARN_SUSPICIOUS_MOVE = YES;
				CLANG_WARN_UNGUARDED_AVAILABILITY = YES_AGGRESSIVE;
				CLANG_WARN_UNREACHABLE_CODE = YES;
				CLANG_WARN__DUPLICATE_METHOD_MATCH = YES;
				CODE_SIGN_IDENTITY = "iPhone Developer";
				COPY_PHASE_STRIP = NO;
				DEBUG_INFORMATION_FORMAT = dwarf;
				ENABLE_STRICT_OBJC_MSGSEND = YES;
				ENABLE_TESTABILITY = YES;
				GCC_C_LANGUAGE_STANDARD = gnu11;
				GCC_DYNAMIC_NO_PIC = NO;
				GCC_NO_COMMON_BLOCKS = YES;
				GCC_OPTIMIZATION_LEVEL = 0;
				GCC_PREPROCESSOR_DEFINITIONS = (
					"DEBUG=1",
					"$(inherited)",
				);
				GCC_WARN_64_TO_32_BIT_CONVERSION = YES;
				GCC_WARN_ABOUT_RETURN_TYPE = YES_ERROR;
				GCC_WARN_UNDECLARED_SELECTOR = YES;
				GCC_WARN_UNINITIALIZED_AUTOS = YES_AGGRESSIVE;
				GCC_WARN_UNUSED_FUNCTION = YES;
				GCC_WARN_UNUSED_VARIABLE = YES;
				IPHONEOS_DEPLOYMENT_TARGET = 11.0;
				MTL_ENABLE_DEBUG_INFO = YES;
				ONLY_ACTIVE_ARCH = YES;
				SDKROOT = iphoneos;
				SWIFT_ACTIVE_COMPILATION_CONDITIONS = DEBUG;
				SWIFT_OPTIMIZATION_LEVEL = "-Onone";
			};
			name = Debug;
		};
		9DBE0606203C63EA007103E7 /* Release */ = {
			isa = XCBuildConfiguration;
			buildSettings = {
				ALWAYS_SEARCH_USER_PATHS = NO;
				CLANG_ANALYZER_NONNULL = YES;
				CLANG_ANALYZER_NUMBER_OBJECT_CONVERSION = YES_AGGRESSIVE;
				CLANG_CXX_LANGUAGE_STANDARD = "gnu++14";
				CLANG_CXX_LIBRARY = "libc++";
				CLANG_ENABLE_MODULES = YES;
				CLANG_ENABLE_OBJC_ARC = YES;
				CLANG_WARN_BLOCK_CAPTURE_AUTORELEASING = YES;
				CLANG_WARN_BOOL_CONVERSION = YES;
				CLANG_WARN_COMMA = YES;
				CLANG_WARN_CONSTANT_CONVERSION = YES;
				CLANG_WARN_DIRECT_OBJC_ISA_USAGE = YES_ERROR;
				CLANG_WARN_DOCUMENTATION_COMMENTS = YES;
				CLANG_WARN_EMPTY_BODY = YES;
				CLANG_WARN_ENUM_CONVERSION = YES;
				CLANG_WARN_INFINITE_RECURSION = YES;
				CLANG_WARN_INT_CONVERSION = YES;
				CLANG_WARN_NON_LITERAL_NULL_CONVERSION = YES;
				CLANG_WARN_OBJC_LITERAL_CONVERSION = YES;
				CLANG_WARN_OBJC_ROOT_CLASS = YES_ERROR;
				CLANG_WARN_RANGE_LOOP_ANALYSIS = YES;
				CLANG_WARN_STRICT_PROTOTYPES = YES;
				CLANG_WARN_SUSPICIOUS_MOVE = YES;
				CLANG_WARN_UNGUARDED_AVAILABILITY = YES_AGGRESSIVE;
				CLANG_WARN_UNREACHABLE_CODE = YES;
				CLANG_WARN__DUPLICATE_METHOD_MATCH = YES;
				CODE_SIGN_IDENTITY = "iPhone Developer";
				COPY_PHASE_STRIP = NO;
				DEBUG_INFORMATION_FORMAT = "dwarf-with-dsym";
				ENABLE_NS_ASSERTIONS = NO;
				ENABLE_STRICT_OBJC_MSGSEND = YES;
				GCC_C_LANGUAGE_STANDARD = gnu11;
				GCC_NO_COMMON_BLOCKS = YES;
				GCC_WARN_64_TO_32_BIT_CONVERSION = YES;
				GCC_WARN_ABOUT_RETURN_TYPE = YES_ERROR;
				GCC_WARN_UNDECLARED_SELECTOR = YES;
				GCC_WARN_UNINITIALIZED_AUTOS = YES_AGGRESSIVE;
				GCC_WARN_UNUSED_FUNCTION = YES;
				GCC_WARN_UNUSED_VARIABLE = YES;
				IPHONEOS_DEPLOYMENT_TARGET = 11.0;
				MTL_ENABLE_DEBUG_INFO = NO;
				SDKROOT = iphoneos;
				SWIFT_OPTIMIZATION_LEVEL = "-Owholemodule";
				VALIDATE_PRODUCT = YES;
			};
			name = Release;
		};
		9DBE0608203C63EA007103E7 /* Debug */ = {
			isa = XCBuildConfiguration;
			buildSettings = {
				ASSETCATALOG_COMPILER_APPICON_NAME = AppIcon;
				CODE_SIGN_STYLE = Automatic;
				DEVELOPMENT_TEAM = 9KH56C2KYY;
				INFOPLIST_FILE = "ECommerse App/Info.plist";
				LD_RUNPATH_SEARCH_PATHS = "$(inherited) @executable_path/Frameworks";
				PRODUCT_BUNDLE_IDENTIFIER = "com.saurabh.ECommerse-App";
				PRODUCT_NAME = "$(TARGET_NAME)";
				SWIFT_VERSION = 4.0;
				TARGETED_DEVICE_FAMILY = "1,2";
			};
			name = Debug;
		};
		9DBE0609203C63EA007103E7 /* Release */ = {
			isa = XCBuildConfiguration;
			buildSettings = {
				ASSETCATALOG_COMPILER_APPICON_NAME = AppIcon;
				CODE_SIGN_STYLE = Automatic;
				DEVELOPMENT_TEAM = 9KH56C2KYY;
				INFOPLIST_FILE = "ECommerse App/Info.plist";
				LD_RUNPATH_SEARCH_PATHS = "$(inherited) @executable_path/Frameworks";
				PRODUCT_BUNDLE_IDENTIFIER = "com.saurabh.ECommerse-App";
				PRODUCT_NAME = "$(TARGET_NAME)";
				SWIFT_VERSION = 4.0;
				TARGETED_DEVICE_FAMILY = "1,2";
			};
			name = Release;
		};
/* End XCBuildConfiguration section */

/* Begin XCConfigurationList section */
		9DBE05F0203C63E9007103E7 /* Build configuration list for PBXProject "ECommerse App" */ = {
			isa = XCConfigurationList;
			buildConfigurations = (
				9DBE0605203C63EA007103E7 /* Debug */,
				9DBE0606203C63EA007103E7 /* Release */,
			);
			defaultConfigurationIsVisible = 0;
			defaultConfigurationName = Release;
		};
		9DBE0607203C63EA007103E7 /* Build configuration list for PBXNativeTarget "ECommerse App" */ = {
			isa = XCConfigurationList;
			buildConfigurations = (
				9DBE0608203C63EA007103E7 /* Debug */,
				9DBE0609203C63EA007103E7 /* Release */,
			);
			defaultConfigurationIsVisible = 0;
			defaultConfigurationName = Release;
		};
/* End XCConfigurationList section */
	};
	rootObject = 9DBE05ED203C63E9007103E7 /* Project object */;
}
